
Microsoft Visual Studio Solution File, Format Version 12.00
# Visual Studio Version 17
VisualStudioVersion = 17.6.33829.357
MinimumVisualStudioVersion = 10.0.40219.1
Project("{9A19103F-16F7-4668-BE54-9A1E7A4F7556}") = "DotNetUtils", "DotNetUtils\DotNetUtils.csproj", "{7BF6C33D-057A-410E-A438-6BFCEBEB0A64}"
EndProject
Project("{9A19103F-16F7-4668-BE54-9A1E7A4F7556}") = "DotNetUtils.TestNet8.0", "DotNetUtils.TestNet8.0\DotNetUtils.TestNet8.0.csproj", "{32C4078B-823E-4CCC-89BE-DD2BAB7A8941}"
EndProject
Project("{9A19103F-16F7-4668-BE54-9A1E7A4F7556}") = "DotNetUtils.WinForms", "DotNetUtils.WinForms\DotNetUtils.WinForms.csproj", "{B722B4FE-A027-4A60-A954-26BBE2B6FE4B}"
EndProject
Project("{9A19103F-16F7-4668-BE54-9A1E7A4F7556}") = "DotNetUtils.Db", "DotNetUtils.Db\DotNetUtils.Db.csproj", "{7C670626-2BA0-4319-9C7F-D7894E5FB8C3}"
EndProject
Project("{FAE04EC0-301F-11D3-BF4B-00C04F79EFBC}") = "DotNetUtils.Blazor", "DotNetUtils.Blazor\DotNetUtils.Blazor.csproj", "{6608D284-1DD9-41B8-9229-B3E6A828BE59}"
EndProject
Global
	GlobalSection(SolutionConfigurationPlatforms) = preSolution
		Debug|Any CPU = Debug|Any CPU
		Release|Any CPU = Release|Any CPU
	EndGlobalSection
	GlobalSection(ProjectConfigurationPlatforms) = postSolution
		{7BF6C33D-057A-410E-A438-6BFCEBEB0A64}.Debug|Any CPU.ActiveCfg = Debug|Any CPU
		{7BF6C33D-057A-410E-A438-6BFCEBEB0A64}.Debug|Any CPU.Build.0 = Debug|Any CPU
		{7BF6C33D-057A-410E-A438-6BFCEBEB0A64}.Release|Any CPU.ActiveCfg = Release|Any CPU
		{7BF6C33D-057A-410E-A438-6BFCEBEB0A64}.Release|Any CPU.Build.0 = Release|Any CPU
		{32C4078B-823E-4CCC-89BE-DD2BAB7A8941}.Debug|Any CPU.ActiveCfg = Debug|Any CPU
		{32C4078B-823E-4CCC-89BE-DD2BAB7A8941}.Debug|Any CPU.Build.0 = Debug|Any CPU
		{32C4078B-823E-4CCC-89BE-DD2BAB7A8941}.Release|Any CPU.ActiveCfg = Release|Any CPU
		{32C4078B-823E-4CCC-89BE-DD2BAB7A8941}.Release|Any CPU.Build.0 = Release|Any CPU
		{B722B4FE-A027-4A60-A954-26BBE2B6FE4B}.Debug|Any CPU.ActiveCfg = Debug|Any CPU
		{B722B4FE-A027-4A60-A954-26BBE2B6FE4B}.Debug|Any CPU.Build.0 = Debug|Any CPU
		{B722B4FE-A027-4A60-A954-26BBE2B6FE4B}.Release|Any CPU.ActiveCfg = Release|Any CPU
		{B722B4FE-A027-4A60-A954-26BBE2B6FE4B}.Release|Any CPU.Build.0 = Release|Any CPU
		{7C670626-2BA0-4319-9C7F-D7894E5FB8C3}.Debug|Any CPU.ActiveCfg = Debug|Any CPU
		{7C670626-2BA0-4319-9C7F-D7894E5FB8C3}.Debug|Any CPU.Build.0 = Debug|Any CPU
		{7C670626-2BA0-4319-9C7F-D7894E5FB8C3}.Release|Any CPU.ActiveCfg = Release|Any CPU
		{7C670626-2BA0-4319-9C7F-D7894E5FB8C3}.Release|Any CPU.Build.0 = Release|Any CPU
		{6608D284-1DD9-41B8-9229-B3E6A828BE59}.Debug|Any CPU.ActiveCfg = Debug|Any CPU
		{6608D284-1DD9-41B8-9229-B3E6A828BE59}.Debug|Any CPU.Build.0 = Debug|Any CPU
		{6608D284-1DD9-41B8-9229-B3E6A828BE59}.Release|Any CPU.ActiveCfg = Release|Any CPU
		{6608D284-1DD9-41B8-9229-B3E6A828BE59}.Release|Any CPU.Build.0 = Release|Any CPU
	EndGlobalSection
	GlobalSection(SolutionProperties) = preSolution
		HideSolutionNode = FALSE
	EndGlobalSection
	GlobalSection(ExtensibilityGlobals) = postSolution
		SolutionGuid = {EB9F872D-46BA-49DC-BBF9-2C7C2197B08F}
	EndGlobalSection
EndGlobal
